github.com/go-webgpu/goffi v0.3.8 h1:Kzw7oP1XEjkv+6QvOIWwuNMfW3iOTPq0hQjr14YwVBM=
github.com/go-webgpu/goffi v0.3.8/go.mod h1:wfoxNsJkU+5RFbV1kNN1kunhc1lFHuJKK3zpgx08/uM=
github.com/go-webgpu/webgpu v0.3.0 h1:cAZb/FoZzflGCxBJV7Ub8GYkVGgJ1ul3IBDqqRb9RQQ=
github.com/go-webgpu/webgpu v0.3.0/go.mod h1:2cooaik+rR8u7u8g0WBZvFga+nfhMpddRdTOkq/goA8=
github.com/gogpu/gpucontext v0.9.0 h1:RCM3oXtxR/i7YZrbH68zBjieE4j0TF731MrPnnD2Los=
github.com/gogpu/gpucontext v0.9.0/go.mod h1:d+6V6OVk81cFRpsJcl+9Qnd8qCDLTQGelMVMEzjPTUg=
github.com/gogpu/gputypes v0.2.0 h1:Quv3ekiU12zK4ZhBZsSZmalHYc+zj2gr9ZWRyzKgkKk=
github.com/gogpu/gputypes v0.2.0/go.mod h1:cnXrDMwTpWTvJLW1Vreop3PcT6a2YP/i3s91rPaOavw=
github.com/gogpu/naga v0.12.0 h1:2gtzKE7st+DKjCVttcz1xdglxKZYuP9jiaUcW7GIQ/0=
github.com/gogpu/naga v0.12.0/go.mod h1:15sQaHKkbqXcwTN+hHYGLsA0WBBnkmYzne/eF5p5WEg=
github.com/gogpu/wgpu v0.15.0 h1:ffAgw1XgJkgu/NlddyNvsIE7bwzdjM0a2MTl5UcjmUQ=
github.com/gogpu/wgpu v0.15.0/go.mod h1:NBOnZeQLLWV00mdfihLr/CeoRAqOnNrACN/Dy/OVFcM=
golang.org/x/sys v0.41.0 h1:Ivj+2Cp/ylzLiEU89QhWblYnOE9zerudt9Ftecq2C6k=
golang.org/x/sys v0.41.0/go.mod h1:OgkHotnGiDImocRcuBABYBEXf8A9a87e/uXjp9XT3ks=
