github.com/go-webgpu/goffi v0.5.0 h1:EuvVRiRn9qAfCkYYXbHs9gz8NY+zv2/OA1N7gi56UVE=
github.com/go-webgpu/goffi v0.5.0/go.mod h1:wfoxNsJkU+5RFbV1kNN1kunhc1lFHuJKK3zpgx08/uM=
github.com/go-webgpu/webgpu v0.4.3 h1:dIBf7WgO/7VL2Cj7IFcq151rWqvSknsFe6k/+ZEEXEE=
github.com/go-webgpu/webgpu v0.4.3/go.mod h1:HNIBiaMJNdPeQd6hmHdQsXg4t4R99xVQybnoDGOShe0=
github.com/gogpu/gpucontext v0.11.0 h1:dm+u3+Sl0Xgh7iZiRRUb36GDpSi8RpNk8n3NPmd5sGw=
github.com/gogpu/gpucontext v0.11.0/go.mod h1:d+6V6OVk81cFRpsJcl+9Qnd8qCDLTQGelMVMEzjPTUg=
github.com/gogpu/gputypes v0.4.0 h1:nPFn77na71K4gkyObbXgpYywy9lIKz/U1x/2+4EAZ3Y=
github.com/gogpu/gputypes v0.4.0/go.mod h1:cnXrDMwTpWTvJLW1Vreop3PcT6a2YP/i3s91rPaOavw=
github.com/gogpu/naga v0.16.6 h1:CqgOeVAv9X1ZdzU+Zq/9Vh2DsMWYC+vLhd2InrSl8CY=
github.com/gogpu/naga v0.16.6/go.mod h1:15sQaHKkbqXcwTN+hHYGLsA0WBBnkmYzne/eF5p5WEg=
github.com/gogpu/wgpu v0.23.9 h1:vin91SqO4oSEbin5C8BRNtX0E3QMw9PyhVc6K9y88bQ=
github.com/gogpu/wgpu v0.23.9/go.mod h1:UlsUimUc4GFTNvcc/06TdqV7EqUFhMVQydpdOdIIM78=
golang.org/x/sys v0.42.0 h1:omrd2nAlyT5ESRdCLYdm3+fMfNFE/+Rf4bDIQImRJeo=
golang.org/x/sys v0.42.0/go.mod h1:4GL1E5IUh+htKOUEOaiffhrAeqysfVGipDYzABqnCmw=
